
Microsoft Visual Studio Solution File, Format Version 12.00
# Visual Studio Version 16
VisualStudioVersion = 16.0.30621.155
MinimumVisualStudioVersion = 10.0.40219.1
Project("{FAE04EC0-301F-11D3-BF4B-00C04F79EFBC}") = "OCPDemo", "OCPDemo\OCPDemo.csproj", "{4D602CAB-0E80-4433-89C0-49C145677E78}"
EndProject
Project("{FAE04EC0-301F-11D3-BF4B-00C04F79EFBC}") = "OCPSolution", "OCPSolution\OCPSolution.csproj", "{9C459DF0-3053-444C-ABB1-4B33BB80FFA4}"
EndProject
Project("{FAE04EC0-301F-11D3-BF4B-00C04F79EFBC}") = "SRPDemo", "SRPDemo\SRPDemo.csproj", "{1459ADB8-2FDE-49AF-BB29-C1E25AD46586}"
EndProject
Project("{FAE04EC0-301F-11D3-BF4B-00C04F79EFBC}") = "SRPSolution", "SRPSolution\SRPSolution.csproj", "{E4814F5F-49BB-415C-8B7A-900537C2F2B7}"
EndProject
Project("{FAE04EC0-301F-11D3-BF4B-00C04F79EFBC}") = "LSPDemo", "LSPDemo\LSPDemo.csproj", "{1090CB95-7E35-4CF8-8DE1-828BA2C76CE7}"
EndProject
Project("{FAE04EC0-301F-11D3-BF4B-00C04F79EFBC}") = "LSPSolution", "LSPSolution\LSPSolution.csproj", "{C2F367CB-ACF6-4321-AEED-B82FE3A88543}"
EndProject
Project("{FAE04EC0-301F-11D3-BF4B-00C04F79EFBC}") = "DIPDemo", "DIPDemo\DIPDemo.csproj", "{F437703E-FBE4-4536-8E77-B09FB05C786C}"
EndProject
Project("{FAE04EC0-301F-11D3-BF4B-00C04F79EFBC}") = "DIPSolution", "DIPSolution\DIPSolution.csproj", "{C11A7AC5-AC25-4ACC-9136-4E437430FC4C}"
EndProject
Project("{FAE04EC0-301F-11D3-BF4B-00C04F79EFBC}") = "ISPDemo", "ISPDemo\ISPDemo.csproj", "{BE2B25C9-E889-4E48-965C-D9ACE2C7F794}"
EndProject
Project("{FAE04EC0-301F-11D3-BF4B-00C04F79EFBC}") = "ISPSolution", "ISPSolution\ISPSolution.csproj", "{B35B28D0-0693-4154-BCE0-F118E9200131}"
EndProject
Global
	GlobalSection(SolutionConfigurationPlatforms) = preSolution
		Debug|Any CPU = Debug|Any CPU
		Release|Any CPU = Release|Any CPU
	EndGlobalSection
	GlobalSection(ProjectConfigurationPlatforms) = postSolution
		{4D602CAB-0E80-4433-89C0-49C145677E78}.Debug|Any CPU.ActiveCfg = Debug|Any CPU
		{4D602CAB-0E80-4433-89C0-49C145677E78}.Debug|Any CPU.Build.0 = Debug|Any CPU
		{4D602CAB-0E80-4433-89C0-49C145677E78}.Release|Any CPU.ActiveCfg = Release|Any CPU
		{4D602CAB-0E80-4433-89C0-49C145677E78}.Release|Any CPU.Build.0 = Release|Any CPU
		{9C459DF0-3053-444C-ABB1-4B33BB80FFA4}.Debug|Any CPU.ActiveCfg = Debug|Any CPU
		{9C459DF0-3053-444C-ABB1-4B33BB80FFA4}.Debug|Any CPU.Build.0 = Debug|Any CPU
		{9C459DF0-3053-444C-ABB1-4B33BB80FFA4}.Release|Any CPU.ActiveCfg = Release|Any CPU
		{9C459DF0-3053-444C-ABB1-4B33BB80FFA4}.Release|Any CPU.Build.0 = Release|Any CPU
		{1459ADB8-2FDE-49AF-BB29-C1E25AD46586}.Debug|Any CPU.ActiveCfg = Debug|Any CPU
		{1459ADB8-2FDE-49AF-BB29-C1E25AD46586}.Debug|Any CPU.Build.0 = Debug|Any CPU
		{1459ADB8-2FDE-49AF-BB29-C1E25AD46586}.Release|Any CPU.ActiveCfg = Release|Any CPU
		{1459ADB8-2FDE-49AF-BB29-C1E25AD46586}.Release|Any CPU.Build.0 = Release|Any CPU
		{E4814F5F-49BB-415C-8B7A-900537C2F2B7}.Debug|Any CPU.ActiveCfg = Debug|Any CPU
		{E4814F5F-49BB-415C-8B7A-900537C2F2B7}.Debug|Any CPU.Build.0 = Debug|Any CPU
		{E4814F5F-49BB-415C-8B7A-900537C2F2B7}.Release|Any CPU.ActiveCfg = Release|Any CPU
		{E4814F5F-49BB-415C-8B7A-900537C2F2B7}.Release|Any CPU.Build.0 = Release|Any CPU
		{1090CB95-7E35-4CF8-8DE1-828BA2C76CE7}.Debug|Any CPU.ActiveCfg = Debug|Any CPU
		{1090CB95-7E35-4CF8-8DE1-828BA2C76CE7}.Debug|Any CPU.Build.0 = Debug|Any CPU
		{1090CB95-7E35-4CF8-8DE1-828BA2C76CE7}.Release|Any CPU.ActiveCfg = Release|Any CPU
		{1090CB95-7E35-4CF8-8DE1-828BA2C76CE7}.Release|Any CPU.Build.0 = Release|Any CPU
		{C2F367CB-ACF6-4321-AEED-B82FE3A88543}.Debug|Any CPU.ActiveCfg = Debug|Any CPU
		{C2F367CB-ACF6-4321-AEED-B82FE3A88543}.Debug|Any CPU.Build.0 = Debug|Any CPU
		{C2F367CB-ACF6-4321-AEED-B82FE3A88543}.Release|Any CPU.ActiveCfg = Release|Any CPU
		{C2F367CB-ACF6-4321-AEED-B82FE3A88543}.Release|Any CPU.Build.0 = Release|Any CPU
		{F437703E-FBE4-4536-8E77-B09FB05C786C}.Debug|Any CPU.ActiveCfg = Debug|Any CPU
		{F437703E-FBE4-4536-8E77-B09FB05C786C}.Debug|Any CPU.Build.0 = Debug|Any CPU
		{F437703E-FBE4-4536-8E77-B09FB05C786C}.Release|Any CPU.ActiveCfg = Release|Any CPU
		{F437703E-FBE4-4536-8E77-B09FB05C786C}.Release|Any CPU.Build.0 = Release|Any CPU
		{C11A7AC5-AC25-4ACC-9136-4E437430FC4C}.Debug|Any CPU.ActiveCfg = Debug|Any CPU
		{C11A7AC5-AC25-4ACC-9136-4E437430FC4C}.Debug|Any CPU.Build.0 = Debug|Any CPU
		{C11A7AC5-AC25-4ACC-9136-4E437430FC4C}.Release|Any CPU.ActiveCfg = Release|Any CPU
		{C11A7AC5-AC25-4ACC-9136-4E437430FC4C}.Release|Any CPU.Build.0 = Release|Any CPU
		{BE2B25C9-E889-4E48-965C-D9ACE2C7F794}.Debug|Any CPU.ActiveCfg = Debug|Any CPU
		{BE2B25C9-E889-4E48-965C-D9ACE2C7F794}.Debug|Any CPU.Build.0 = Debug|Any CPU
		{BE2B25C9-E889-4E48-965C-D9ACE2C7F794}.Release|Any CPU.ActiveCfg = Release|Any CPU
		{BE2B25C9-E889-4E48-965C-D9ACE2C7F794}.Release|Any CPU.Build.0 = Release|Any CPU
		{B35B28D0-0693-4154-BCE0-F118E9200131}.Debug|Any CPU.ActiveCfg = Debug|Any CPU
		{B35B28D0-0693-4154-BCE0-F118E9200131}.Debug|Any CPU.Build.0 = Debug|Any CPU
		{B35B28D0-0693-4154-BCE0-F118E9200131}.Release|Any CPU.ActiveCfg = Release|Any CPU
		{B35B28D0-0693-4154-BCE0-F118E9200131}.Release|Any CPU.Build.0 = Release|Any CPU
	EndGlobalSection
	GlobalSection(SolutionProperties) = preSolution
		HideSolutionNode = FALSE
	EndGlobalSection
	GlobalSection(ExtensibilityGlobals) = postSolution
		SolutionGuid = {DF1FF573-E34A-46EB-BDEA-6914C7A1279D}
	EndGlobalSection
EndGlobal
